
Microsoft Visual Studio Solution File, Format Version 11.00
# Visual Studio 2010
Project("{2150E333-8FDC-42A3-9474-1A3956D46DE8}") = "src", "src", "{1A906A85-4E43-4479-A8B4-36F84D81B130}"
EndProject
Project("{2150E333-8FDC-42A3-9474-1A3956D46DE8}") = "test", "test", "{E1655766-3932-436A-AE9B-393F2BA17B4F}"
EndProject
Project("{2150E333-8FDC-42A3-9474-1A3956D46DE8}") = "Unit", "Unit", "{25F7111F-8CF9-4E82-B530-A38DD54FE611}"
EndProject
Project("{2150E333-8FDC-42A3-9474-1A3956D46DE8}") = "Integration", "Integration", "{328199F8-1F4C-42F5-93B5-623C0E42F6AD}"
EndProject
Project("{2150E333-8FDC-42A3-9474-1A3956D46DE8}") = "Vocale", "Vocale", "{B3F1206C-7BFB-487F-AC18-A8AB42F30C83}"
EndProject
Project("{2150E333-8FDC-42A3-9474-1A3956D46DE8}") = "Vocale", "Vocale", "{DCADD9F0-AB4C-4D09-B893-A6774D1451FA}"
EndProject
Project("{FAE04EC0-301F-11D3-BF4B-00C04F79EFBC}") = "Test", "test\Unit\Vocale\Test.csproj", "{99FA45F8-0E9C-43F0-AB35-5A0717F25CA4}"
EndProject
Project("{FAE04EC0-301F-11D3-BF4B-00C04F79EFBC}") = "Vocale", "src\Vocale\Vocale.csproj", "{3EA51627-F13E-42F9-9AAE-D301CA934DAA}"
EndProject
Global
	GlobalSection(SolutionConfigurationPlatforms) = preSolution
		Debug|Any CPU = Debug|Any CPU
		Release|Any CPU = Release|Any CPU
	EndGlobalSection
	GlobalSection(ProjectConfigurationPlatforms) = postSolution
		{99FA45F8-0E9C-43F0-AB35-5A0717F25CA4}.Debug|Any CPU.ActiveCfg = Debug|Any CPU
		{99FA45F8-0E9C-43F0-AB35-5A0717F25CA4}.Debug|Any CPU.Build.0 = Debug|Any CPU
		{99FA45F8-0E9C-43F0-AB35-5A0717F25CA4}.Release|Any CPU.ActiveCfg = Release|Any CPU
		{99FA45F8-0E9C-43F0-AB35-5A0717F25CA4}.Release|Any CPU.Build.0 = Release|Any CPU
		{3EA51627-F13E-42F9-9AAE-D301CA934DAA}.Debug|Any CPU.ActiveCfg = Debug|Any CPU
		{3EA51627-F13E-42F9-9AAE-D301CA934DAA}.Debug|Any CPU.Build.0 = Debug|Any CPU
		{3EA51627-F13E-42F9-9AAE-D301CA934DAA}.Release|Any CPU.ActiveCfg = Release|Any CPU
		{3EA51627-F13E-42F9-9AAE-D301CA934DAA}.Release|Any CPU.Build.0 = Release|Any CPU
	EndGlobalSection
	GlobalSection(SolutionProperties) = preSolution
		HideSolutionNode = FALSE
	EndGlobalSection
	GlobalSection(NestedProjects) = preSolution
		{3EA51627-F13E-42F9-9AAE-D301CA934DAA} = {1A906A85-4E43-4479-A8B4-36F84D81B130}
		{25F7111F-8CF9-4E82-B530-A38DD54FE611} = {E1655766-3932-436A-AE9B-393F2BA17B4F}
		{328199F8-1F4C-42F5-93B5-623C0E42F6AD} = {E1655766-3932-436A-AE9B-393F2BA17B4F}
		{B3F1206C-7BFB-487F-AC18-A8AB42F30C83} = {25F7111F-8CF9-4E82-B530-A38DD54FE611}
		{DCADD9F0-AB4C-4D09-B893-A6774D1451FA} = {328199F8-1F4C-42F5-93B5-623C0E42F6AD}
		{99FA45F8-0E9C-43F0-AB35-5A0717F25CA4} = {B3F1206C-7BFB-487F-AC18-A8AB42F30C83}
	EndGlobalSection
EndGlobal
